{
  "name": "fast-extract",
  "version": "1.7.4",
  "lockfileVersion": 3,
  "requires": true,
  "packages": {
    "": {
      "name": "fast-extract",
      "version": "1.7.4",
      "license": "MIT",
      "dependencies": {
        "buffer-alloc-unsafe": "*",
        "buffer-fill": "*",
        "call-once-fn": "*",
        "content-disposition": "*",
        "flush-write-stream": "*",
        "lodash.throttle": "*",
        "mkdirp-classic": "*",
        "on-one": "*",
        "progress-stream": "*",
        "pumpify": "*",
        "queue-cb": "*",
        "readable-stream": "^2.3.8",
        "require_optional": "*",
        "rimraf2": "*",
        "safe-buffer": "*",
        "signal-exit": "^3.0.7",
        "tar-iterator": "*",
        "temp-suffix": "*",
        "unbzip2-stream": "*",
        "zip-iterator": "*"
      },
      "devDependencies": {
        "@types/mocha": "*",
        "@types/node": "*",
        "cr": "*",
        "fs-iterator": "*",
        "fs-stats-spys": "*",
        "lzma-native": "*",
        "pinkie-promise": "*"
      },
      "engines": {
        "node": ">=0.8"
      },
      "peerDependencies": {
        "lzma-native": "*"
      },
      "peerDependenciesMeta": {
        "lzma-native": {
          "optional": true
        }
      }
    },
    "node_modules/@types/mocha": {
      "version": "10.0.10",
      "dev": true,
      "license": "MIT"
    },
    "node_modules/@types/node": {
      "version": "24.9.1",
      "dev": true,
      "license": "MIT",
      "dependencies": {
        "undici-types": "~7.16.0"
      }
    },
    "node_modules/async-compat": {
      "version": "1.7.2",
      "license": "MIT",
      "dependencies": {
        "is-error": "*",
        "is-promise": "*"
      },
      "engines": {
        "node": ">=0.8"
      }
    },
    "node_modules/b4a": {
      "version": "1.7.3",
      "license": "Apache-2.0",
      "peerDependencies": {
        "react-native-b4a": "*"
      },
      "peerDependenciesMeta": {
        "react-native-b4a": {
          "optional": true
        }
      }
    },
    "node_modules/bare-events": {
      "version": "2.8.0",
      "license": "Apache-2.0",
      "peerDependencies": {
        "bare-abort-controller": "*"
      },
      "peerDependenciesMeta": {
        "bare-abort-controller": {
          "optional": true
        }
      }
    },
    "node_modules/base64-js": {
      "version": "1.5.1",
      "funding": [
        {
          "type": "github",
          "url": "https://github.com/sponsors/feross"
        },
        {
          "type": "patreon",
          "url": "https://www.patreon.com/feross"
        },
        {
          "type": "consulting",
          "url": "https://feross.org/support"
        }
      ],
      "license": "MIT"
    },
    "node_modules/bops": {
      "version": "0.1.1",
      "license": "MIT",
      "dependencies": {
        "base64-js": "0.0.2",
        "to-utf8": "0.0.1"
      }
    },
    "node_modules/bops/node_modules/base64-js": {
      "version": "0.0.2",
      "engines": {
        "node": ">= 0.4"
      }
    },
    "node_modules/buffer": {
      "version": "5.7.1",
      "funding": [
        {
          "type": "github",
          "url": "https://github.com/sponsors/feross"
        },
        {
          "type": "patreon",
          "url": "https://www.patreon.com/feross"
        },
        {
          "type": "consulting",
          "url": "https://feross.org/support"
        }
      ],
      "license": "MIT",
      "dependencies": {
        "base64-js": "^1.3.1",
        "ieee754": "^1.1.13"
      }
    },
    "node_modules/buffer-alloc-unsafe": {
      "version": "1.1.0",
      "license": "MIT"
    },
    "node_modules/buffer-fill": {
      "version": "1.0.0",
      "license": "MIT"
    },
    "node_modules/call-once-fn": {
      "version": "1.1.1",
      "license": "MIT",
      "engines": {
        "node": ">=0.8"
      }
    },
    "node_modules/content-disposition": {
      "version": "0.5.4",
      "license": "MIT",
      "dependencies": {
        "safe-buffer": "5.2.1"
      },
      "engines": {
        "node": ">= 0.6"
      }
    },
    "node_modules/core-util-is": {
      "version": "1.0.3",
      "license": "MIT"
    },
    "node_modules/cr": {
      "version": "0.1.0",
      "dev": true,
      "license": "MIT",
      "engines": {
        "node": ">=0.10.0"
      }
    },
    "node_modules/duplexify": {
      "version": "4.1.3",
      "license": "MIT",
      "dependencies": {
        "end-of-stream": "^1.4.1",
        "inherits": "^2.0.3",
        "readable-stream": "^3.1.1",
        "stream-shift": "^1.0.2"
      }
    },
    "node_modules/duplexify/node_modules/readable-stream": {
      "version": "3.6.2",
      "license": "MIT",
      "dependencies": {
        "inherits": "^2.0.3",
        "string_decoder": "^1.1.1",
        "util-deprecate": "^1.0.1"
      },
      "engines": {
        "node": ">= 6"
      }
    },
    "node_modules/end-of-stream": {
      "version": "1.4.5",
      "license": "MIT",
      "dependencies": {
        "once": "^1.4.0"
      }
    },
    "node_modules/events-universal": {
      "version": "1.0.1",
      "license": "Apache-2.0",
      "dependencies": {
        "bare-events": "^2.7.0"
      }
    },
    "node_modules/extract-base-iterator": {
      "version": "2.2.4",
      "license": "MIT",
      "dependencies": {
        "graceful-fs": "*",
        "is-absolute": "*",
        "lodash.compact": "*",
        "mkdirp-classic": "*",
        "next-tick": "*",
        "object-assign": "*",
        "queue-cb": "*",
        "rimraf2": "*",
        "stack-base-iterator": "*"
      },
      "engines": {
        "node": ">=0.8"
      }
    },
    "node_modules/fast-fifo": {
      "version": "1.3.2",
      "license": "MIT"
    },
    "node_modules/flush-write-stream": {
      "version": "2.0.0",
      "license": "MIT",
      "dependencies": {
        "inherits": "^2.0.3",
        "readable-stream": "^3.1.1"
      }
    },
    "node_modules/flush-write-stream/node_modules/readable-stream": {
      "version": "3.6.2",
      "license": "MIT",
      "dependencies": {
        "inherits": "^2.0.3",
        "string_decoder": "^1.1.1",
        "util-deprecate": "^1.0.1"
      },
      "engines": {
        "node": ">= 6"
      }
    },
    "node_modules/fs-iterator": {
      "version": "6.1.4",
      "dev": true,
      "license": "MIT",
      "dependencies": {
        "async-compat": "*",
        "fs.realpath": "*",
        "stack-base-iterator": "*"
      },
      "engines": {
        "node": ">=0.8"
      }
    },
    "node_modules/fs-stats-spys": {
      "version": "1.2.1",
      "dev": true,
      "license": "MIT",
      "engines": {
        "node": ">=0.8"
      }
    },
    "node_modules/fs.realpath": {
      "version": "1.0.0",
      "dev": true,
      "license": "ISC"
    },
    "node_modules/graceful-fs": {
      "version": "4.2.11",
      "license": "ISC"
    },
    "node_modules/hash-string": {
      "version": "1.0.0",
      "license": "ISC"
    },
    "node_modules/ieee754": {
      "version": "1.2.1",
      "funding": [
        {
          "type": "github",
          "url": "https://github.com/sponsors/feross"
        },
        {
          "type": "patreon",
          "url": "https://www.patreon.com/feross"
        },
        {
          "type": "consulting",
          "url": "https://feross.org/support"
        }
      ],
      "license": "BSD-3-Clause"
    },
    "node_modules/imurmurhash": {
      "version": "0.1.4",
      "license": "MIT",
      "engines": {
        "node": ">=0.8.19"
      }
    },
    "node_modules/inherits": {
      "version": "2.0.4",
      "license": "ISC"
    },
    "node_modules/is-absolute": {
      "version": "1.0.0",
      "license": "MIT",
      "dependencies": {
        "is-relative": "^1.0.0",
        "is-windows": "^1.0.1"
      },
      "engines": {
        "node": ">=0.10.0"
      }
    },
    "node_modules/is-error": {
      "version": "2.2.2",
      "license": "MIT"
    },
    "node_modules/is-promise": {
      "version": "4.0.0",
      "license": "MIT"
    },
    "node_modules/is-relative": {
      "version": "1.0.0",
      "license": "MIT",
      "dependencies": {
        "is-unc-path": "^1.0.0"
      },
      "engines": {
        "node": ">=0.10.0"
      }
    },
    "node_modules/is-unc-path": {
      "version": "1.0.0",
      "license": "MIT",
      "dependencies": {
        "unc-path-regex": "^0.1.2"
      },
      "engines": {
        "node": ">=0.10.0"
      }
    },
    "node_modules/is-windows": {
      "version": "1.0.2",
      "license": "MIT",
      "engines": {
        "node": ">=0.10.0"
      }
    },
    "node_modules/isarray": {
      "version": "1.0.0",
      "license": "MIT"
    },
    "node_modules/iterator-next-callback": {
      "version": "2.0.5",
      "license": "MIT",
      "dependencies": {
        "is-promise": "*"
      },
      "engines": {
        "node": ">=0.8"
      }
    },
    "node_modules/lodash.compact": {
      "version": "3.0.1",
      "license": "MIT"
    },
    "node_modules/lodash.throttle": {
      "version": "4.1.1",
      "license": "MIT"
    },
    "node_modules/lzma-native": {
      "version": "8.0.6",
      "dev": true,
      "hasInstallScript": true,
      "license": "MIT",
      "dependencies": {
        "node-addon-api": "^3.1.0",
        "node-gyp-build": "^4.2.1",
        "readable-stream": "^3.6.0"
      },
      "bin": {
        "lzmajs": "bin/lzmajs"
      },
      "engines": {
        "node": ">=10.0.0"
      }
    },
    "node_modules/lzma-native/node_modules/readable-stream": {
      "version": "3.6.2",
      "dev": true,
      "license": "MIT",
      "dependencies": {
        "inherits": "^2.0.3",
        "string_decoder": "^1.1.1",
        "util-deprecate": "^1.0.1"
      },
      "engines": {
        "node": ">= 6"
      }
    },
    "node_modules/maximize-iterator": {
      "version": "4.0.7",
      "license": "MIT",
      "dependencies": {
        "async-compat": "*",
        "iterator-next-callback": "*"
      },
      "engines": {
        "node": ">=0.8"
      }
    },
    "node_modules/mkdirp-classic": {
      "version": "0.5.3",
      "license": "MIT"
    },
    "node_modules/next-tick": {
      "version": "1.1.0",
      "license": "ISC"
    },
    "node_modules/node-addon-api": {
      "version": "3.2.1",
      "dev": true,
      "license": "MIT"
    },
    "node_modules/node-gyp-build": {
      "version": "4.8.4",
      "dev": true,
      "license": "MIT",
      "bin": {
        "node-gyp-build": "bin.js",
        "node-gyp-build-optional": "optional.js",
        "node-gyp-build-test": "build-test.js"
      }
    },
    "node_modules/object-assign": {
      "version": "4.1.1",
      "license": "MIT",
      "engines": {
        "node": ">=0.10.0"
      }
    },
    "node_modules/on-one": {
      "version": "1.0.3",
      "license": "MIT",
      "engines": {
        "node": ">=0.8"
      }
    },
    "node_modules/once": {
      "version": "1.4.0",
      "license": "ISC",
      "dependencies": {
        "wrappy": "1"
      }
    },
    "node_modules/os-shim": {
      "version": "0.1.3",
      "engines": {
        "node": ">= 0.4.0"
      }
    },
    "node_modules/pinkie": {
      "version": "2.0.4",
      "license": "MIT",
      "engines": {
        "node": ">=0.10.0"
      }
    },
    "node_modules/pinkie-promise": {
      "version": "2.0.1",
      "license": "MIT",
      "dependencies": {
        "pinkie": "^2.0.0"
      },
      "engines": {
        "node": ">=0.10.0"
      }
    },
    "node_modules/process-nextick-args": {
      "version": "2.0.1",
      "license": "MIT"
    },
    "node_modules/progress-stream": {
      "version": "2.0.0",
      "license": "BSD-2-Clause",
      "dependencies": {
        "speedometer": "~1.0.0",
        "through2": "~2.0.3"
      }
    },
    "node_modules/pump": {
      "version": "3.0.3",
      "license": "MIT",
      "dependencies": {
        "end-of-stream": "^1.1.0",
        "once": "^1.3.1"
      }
    },
    "node_modules/pumpify": {
      "version": "2.0.1",
      "license": "MIT",
      "dependencies": {
        "duplexify": "^4.1.1",
        "inherits": "^2.0.3",
        "pump": "^3.0.0"
      }
    },
    "node_modules/queue-cb": {
      "version": "1.5.6",
      "license": "MIT",
      "engines": {
        "node": ">=0.8"
      }
    },
    "node_modules/readable-stream": {
      "version": "2.3.8",
      "license": "MIT",
      "dependencies": {
        "core-util-is": "~1.0.0",
        "inherits": "~2.0.3",
        "isarray": "~1.0.0",
        "process-nextick-args": "~2.0.0",
        "safe-buffer": "~5.1.1",
        "string_decoder": "~1.1.1",
        "util-deprecate": "~1.0.1"
      }
    },
    "node_modules/readable-stream/node_modules/safe-buffer": {
      "version": "5.1.2",
      "license": "MIT"
    },
    "node_modules/require_optional": {
      "version": "1.0.1",
      "license": "Apache-2.0",
      "dependencies": {
        "resolve-from": "^2.0.0",
        "semver": "^5.1.0"
      }
    },
    "node_modules/resolve-from": {
      "version": "2.0.0",
      "license": "MIT",
      "engines": {
        "node": ">=0.10.0"
      }
    },
    "node_modules/rimraf2": {
      "version": "2.8.2",
      "license": "ISC",
      "bin": {
        "rimraf2": "bin.js"
      },
      "peerDependencies": {
        "glob": "*"
      },
      "peerDependenciesMeta": {
        "glob": {
          "optional": true
        }
      }
    },
    "node_modules/safe-buffer": {
      "version": "5.2.1",
      "funding": [
        {
          "type": "github",
          "url": "https://github.com/sponsors/feross"
        },
        {
          "type": "patreon",
          "url": "https://www.patreon.com/feross"
        },
        {
          "type": "consulting",
          "url": "https://feross.org/support"
        }
      ],
      "license": "MIT"
    },
    "node_modules/semver": {
      "version": "5.7.2",
      "license": "ISC",
      "bin": {
        "semver": "bin/semver"
      }
    },
    "node_modules/short-hash": {
      "version": "1.0.0",
      "license": "MIT",
      "dependencies": {
        "hash-string": "^1.0.0"
      }
    },
    "node_modules/signal-exit": {
      "version": "3.0.7",
      "license": "ISC"
    },
    "node_modules/speedometer": {
      "version": "1.0.0",
      "license": "MIT"
    },
    "node_modules/stack-base-iterator": {
      "version": "2.1.5",
      "license": "MIT",
      "dependencies": {
        "async-compat": "*",
        "iterator-next-callback": "*",
        "maximize-iterator": "*",
        "pinkie-promise": "*"
      },
      "engines": {
        "node": ">=0.8"
      }
    },
    "node_modules/stream-shift": {
      "version": "1.0.3",
      "license": "MIT"
    },
    "node_modules/streamx": {
      "version": "2.23.0",
      "license": "MIT",
      "dependencies": {
        "events-universal": "^1.0.0",
        "fast-fifo": "^1.3.2",
        "text-decoder": "^1.1.0"
      }
    },
    "node_modules/string_decoder": {
      "version": "1.1.1",
      "license": "MIT",
      "dependencies": {
        "safe-buffer": "~5.1.0"
      }
    },
    "node_modules/string_decoder/node_modules/safe-buffer": {
      "version": "5.1.2",
      "license": "MIT"
    },
    "node_modules/tar-iterator": {
      "version": "2.2.7",
      "license": "MIT",
      "dependencies": {
        "call-once-fn": "*",
        "extract-base-iterator": "*",
        "lodash.compact": "*",
        "mkdirp-classic": "*",
        "on-one": "*",
        "rimraf2": "*",
        "tar-stream-compat": "*"
      },
      "engines": {
        "node": ">=0.8"
      }
    },
    "node_modules/tar-stream": {
      "version": "3.1.7",
      "license": "MIT",
      "dependencies": {
        "b4a": "^1.6.4",
        "fast-fifo": "^1.2.0",
        "streamx": "^2.15.0"
      }
    },
    "node_modules/tar-stream-compat": {
      "version": "2.3.5",
      "license": "MIT",
      "dependencies": {
        "safe-buffer": "*",
        "tar-stream": "*"
      },
      "engines": {
        "node": ">=0.8"
      }
    },
    "node_modules/temp-suffix": {
      "version": "1.0.3",
      "license": "MIT",
      "dependencies": {
        "imurmurhash": "*"
      },
      "engines": {
        "node": ">=0.8"
      }
    },
    "node_modules/text-decoder": {
      "version": "1.2.3",
      "license": "Apache-2.0",
      "dependencies": {
        "b4a": "^1.6.4"
      }
    },
    "node_modules/through": {
      "version": "2.3.8",
      "license": "MIT"
    },
    "node_modules/through2": {
      "version": "2.0.5",
      "license": "MIT",
      "dependencies": {
        "readable-stream": "~2.3.6",
        "xtend": "~4.0.1"
      }
    },
    "node_modules/to-utf8": {
      "version": "0.0.1",
      "license": "MIT"
    },
    "node_modules/unbzip2-stream": {
      "version": "1.4.3",
      "license": "MIT",
      "dependencies": {
        "buffer": "^5.2.1",
        "through": "^2.3.8"
      }
    },
    "node_modules/unc-path-regex": {
      "version": "0.1.2",
      "license": "MIT",
      "engines": {
        "node": ">=0.10.0"
      }
    },
    "node_modules/undici-types": {
      "version": "7.16.0",
      "dev": true,
      "license": "MIT"
    },
    "node_modules/util-deprecate": {
      "version": "1.0.2",
      "license": "MIT"
    },
    "node_modules/wrappy": {
      "version": "1.0.2",
      "license": "ISC"
    },
    "node_modules/xtend": {
      "version": "4.0.2",
      "license": "MIT",
      "engines": {
        "node": ">=0.4"
      }
    },
    "node_modules/zip": {
      "version": "1.2.0",
      "dependencies": {
        "bops": "~0.1.1"
      }
    },
    "node_modules/zip-iterator": {
      "version": "2.1.6",
      "license": "MIT",
      "dependencies": {
        "call-once-fn": "*",
        "extract-base-iterator": "*",
        "lodash.compact": "*",
        "mkdirp-classic": "*",
        "on-one": "*",
        "os-shim": "*",
        "queue-cb": "*",
        "readable-stream": "^2.3.7",
        "rimraf2": "*",
        "safe-buffer": "*",
        "short-hash": "*",
        "temp-suffix": "*",
        "zip": "*"
      },
      "engines": {
        "node": ">=0.8"
      }
    }
  }
}
